
Microsoft Visual Studio Solution File, Format Version 12.00
# Visual Studio Version 16
VisualStudioVersion = 16.0.31702.278
MinimumVisualStudioVersion = 10.0.40219.1
Project("{FAE04EC0-301F-11D3-BF4B-00C04F79EFBC}") = "Practica 2_Juego pastores_ prueba 2", "Practica 2_Juego pastores_ prueba 2.csproj", "{67C9F713-52FD-4444-9938-C701181CDC8D}"
EndProject
Global
	GlobalSection(SolutionConfigurationPlatforms) = preSolution
		Debug|Any CPU = Debug|Any CPU
		Release|Any CPU = Release|Any CPU
	EndGlobalSection
	GlobalSection(ProjectConfigurationPlatforms) = postSolution
		{67C9F713-52FD-4444-9938-C701181CDC8D}.Debug|Any CPU.ActiveCfg = Debug|Any CPU
		{67C9F713-52FD-4444-9938-C701181CDC8D}.Debug|Any CPU.Build.0 = Debug|Any CPU
		{67C9F713-52FD-4444-9938-C701181CDC8D}.Release|Any CPU.ActiveCfg = Release|Any CPU
		{67C9F713-52FD-4444-9938-C701181CDC8D}.Release|Any CPU.Build.0 = Release|Any CPU
	EndGlobalSection
	GlobalSection(SolutionProperties) = preSolution
		HideSolutionNode = FALSE
	EndGlobalSection
	GlobalSection(ExtensibilityGlobals) = postSolution
		SolutionGuid = {D38F085C-B791-4283-A37D-066BA51CDDB9}
	EndGlobalSection
EndGlobal
